
Microsoft Visual Studio Solution File, Format Version 12.00
Project("{FAE04EC0-301F-11D3-BF4B-00C04F79EFBC}") = "SteamApis.Net", "SteamApis.Net\SteamApis.Net.csproj", "{C477BA4D-C589-4551-B0FD-998BD1769DC0}"
EndProject
Project("{FAE04EC0-301F-11D3-BF4B-00C04F79EFBC}") = "SteamApis.Net.Tests", "SteamApis.Net.Tests\SteamApis.Net.Tests.csproj", "{EFD9526F-FAD4-4B44-BD01-AC4E4D37E9CC}"
EndProject
Global
	GlobalSection(SolutionConfigurationPlatforms) = preSolution
		Debug|Any CPU = Debug|Any CPU
		Release|Any CPU = Release|Any CPU
	EndGlobalSection
	GlobalSection(ProjectConfigurationPlatforms) = postSolution
		{C477BA4D-C589-4551-B0FD-998BD1769DC0}.Debug|Any CPU.ActiveCfg = Debug|Any CPU
		{C477BA4D-C589-4551-B0FD-998BD1769DC0}.Debug|Any CPU.Build.0 = Debug|Any CPU
		{C477BA4D-C589-4551-B0FD-998BD1769DC0}.Release|Any CPU.ActiveCfg = Release|Any CPU
		{C477BA4D-C589-4551-B0FD-998BD1769DC0}.Release|Any CPU.Build.0 = Release|Any CPU
		{EFD9526F-FAD4-4B44-BD01-AC4E4D37E9CC}.Debug|Any CPU.ActiveCfg = Debug|Any CPU
		{EFD9526F-FAD4-4B44-BD01-AC4E4D37E9CC}.Debug|Any CPU.Build.0 = Debug|Any CPU
		{EFD9526F-FAD4-4B44-BD01-AC4E4D37E9CC}.Release|Any CPU.ActiveCfg = Release|Any CPU
		{EFD9526F-FAD4-4B44-BD01-AC4E4D37E9CC}.Release|Any CPU.Build.0 = Release|Any CPU
	EndGlobalSection
EndGlobal
